
Microsoft Visual Studio Solution File, Format Version 12.00
# Visual Studio Version 17
VisualStudioVersion = 17.2.32630.192
MinimumVisualStudioVersion = 10.0.40219.1
Project("{FAE04EC0-301F-11D3-BF4B-00C04F79EFBC}") = "checkout-kata", "checkout-kata\checkout-kata.csproj", "{17C5E42F-EEEA-4F94-8218-6C2011C4461F}"
EndProject
Project("{FAE04EC0-301F-11D3-BF4B-00C04F79EFBC}") = "checkout-kata-tests", "checkout-kata-tests\checkout-kata-tests.csproj", "{6C638966-18CE-4F27-87E1-490BE58AD4B5}"
EndProject
Global
	GlobalSection(SolutionConfigurationPlatforms) = preSolution
		Debug|Any CPU = Debug|Any CPU
		Release|Any CPU = Release|Any CPU
	EndGlobalSection
	GlobalSection(ProjectConfigurationPlatforms) = postSolution
		{17C5E42F-EEEA-4F94-8218-6C2011C4461F}.Debug|Any CPU.ActiveCfg = Debug|Any CPU
		{17C5E42F-EEEA-4F94-8218-6C2011C4461F}.Debug|Any CPU.Build.0 = Debug|Any CPU
		{17C5E42F-EEEA-4F94-8218-6C2011C4461F}.Release|Any CPU.ActiveCfg = Release|Any CPU
		{17C5E42F-EEEA-4F94-8218-6C2011C4461F}.Release|Any CPU.Build.0 = Release|Any CPU
		{6C638966-18CE-4F27-87E1-490BE58AD4B5}.Debug|Any CPU.ActiveCfg = Debug|Any CPU
		{6C638966-18CE-4F27-87E1-490BE58AD4B5}.Debug|Any CPU.Build.0 = Debug|Any CPU
		{6C638966-18CE-4F27-87E1-490BE58AD4B5}.Release|Any CPU.ActiveCfg = Release|Any CPU
		{6C638966-18CE-4F27-87E1-490BE58AD4B5}.Release|Any CPU.Build.0 = Release|Any CPU
	EndGlobalSection
	GlobalSection(SolutionProperties) = preSolution
		HideSolutionNode = FALSE
	EndGlobalSection
	GlobalSection(ExtensibilityGlobals) = postSolution
		SolutionGuid = {C0EF4B33-3D64-4259-AE2B-DD976A9113F4}
	EndGlobalSection
EndGlobal
